// !$*UTF8*$!
{
	archiveVersion = 1;
	classes = {
	};
	objectVersion = 46;
	objects = {

/* Begin PBXBuildFile section */
		4518C20114CBD0CE00EF0620 /* Foundation.framework in Frameworks */ = {isa = PBXBuildFile; fileRef = 4518C20014CBD0CE00EF0620 /* Foundation.framework */; };
		4518C20E14CBD10100EF0620 /* libsqlite3.0.dylib in Frameworks */ = {isa = PBXBuildFile; fileRef = 4518C20D14CBD10100EF0620 /* libsqlite3.0.dylib */; };
		4518C21114CBD11600EF0620 /* EESQLiteDatabase.h in Headers */ = {isa = PBXBuildFile; fileRef = 4518C20F14CBD11600EF0620 /* EESQLiteDatabase.h */; settings = {ATTRIBUTES = (Public, ); }; };
		4518C21214CBD11600EF0620 /* EESQLiteDatabase.m in Sources */ = {isa = PBXBuildFile; fileRef = 4518C21014CBD11600EF0620 /* EESQLiteDatabase.m */; };
		4522528B14CBF82100F05FF0 /* libsqlite3.0.dylib in Frameworks */ = {isa = PBXBuildFile; fileRef = 4518C20D14CBD10100EF0620 /* libsqlite3.0.dylib */; };
		4529166F15B9DB4000B7F55A /* EonilCocoaComplementsSQLite.h in Headers */ = {isa = PBXBuildFile; fileRef = 4518C20514CBD0CE00EF0620 /* EonilCocoaComplementsSQLite.h */; settings = {ATTRIBUTES = (Public, ); }; };
		45452C9814CC857000886D70 /* EESQLiteRowIDList.h in Headers */ = {isa = PBXBuildFile; fileRef = 45452C9614CC857000886D70 /* EESQLiteRowIDList.h */; settings = {ATTRIBUTES = (Public, ); }; };
		45452C9914CC857000886D70 /* EESQLiteRowIDList.m in Sources */ = {isa = PBXBuildFile; fileRef = 45452C9714CC857000886D70 /* EESQLiteRowIDList.m */; };
		4554460014CC007C001207F3 /* TTTestUtility.m in Sources */ = {isa = PBXBuildFile; fileRef = 455445FF14CC007C001207F3 /* TTTestUtility.m */; };
		456D46B414CC2100005F6D62 /* EEDocumentStore.h in Headers */ = {isa = PBXBuildFile; fileRef = 456D46B214CC2100005F6D62 /* EEDocumentStore.h */; settings = {ATTRIBUTES = (Public, ); }; };
		456D46B514CC2100005F6D62 /* EEDocumentStore.m in Sources */ = {isa = PBXBuildFile; fileRef = 456D46B314CC2100005F6D62 /* EEDocumentStore.m */; };
		457D349C14CD057E00B3F316 /* TTDocumentStoreHappyCase.m in Sources */ = {isa = PBXBuildFile; fileRef = 457D349B14CD057E00B3F316 /* TTDocumentStoreHappyCase.m */; };
		458F446A14CBDE3200FF39ED /* EESQLiteStatement.h in Headers */ = {isa = PBXBuildFile; fileRef = 458F446814CBDE3200FF39ED /* EESQLiteStatement.h */; settings = {ATTRIBUTES = (Public, ); }; };
		458F446B14CBDE3200FF39ED /* EESQLiteStatement.m in Sources */ = {isa = PBXBuildFile; fileRef = 458F446914CBDE3200FF39ED /* EESQLiteStatement.m */; };
		458F447014CBDF3700FF39ED /* EESQLite-Internal.h in Headers */ = {isa = PBXBuildFile; fileRef = 458F446E14CBDF3700FF39ED /* EESQLite-Internal.h */; };
		458F447114CBDF3700FF39ED /* EESQLite-Internal.m in Sources */ = {isa = PBXBuildFile; fileRef = 458F446F14CBDF3700FF39ED /* EESQLite-Internal.m */; };
		45AB768A14CBF70E000AF47A /* TTHappyCase.m in Sources */ = {isa = PBXBuildFile; fileRef = 45AB768914CBF70E000AF47A /* TTHappyCase.m */; };
		45AB768D14CBF72E000AF47A /* TTEvilCase.m in Sources */ = {isa = PBXBuildFile; fileRef = 45AB768C14CBF72E000AF47A /* TTEvilCase.m */; };
		45BE7AB414CD53820003E615 /* TTDocumentStoreLoadAndStressTest.m in Sources */ = {isa = PBXBuildFile; fileRef = 45BE7AB314CD53820003E615 /* TTDocumentStoreLoadAndStressTest.m */; };
		45CB651214CBF609004EF17F /* SenTestingKit.framework in Frameworks */ = {isa = PBXBuildFile; fileRef = 45CB651114CBF609004EF17F /* SenTestingKit.framework */; };
		45CB651414CBF609004EF17F /* UIKit.framework in Frameworks */ = {isa = PBXBuildFile; fileRef = 45CB651314CBF609004EF17F /* UIKit.framework */; };
		45CB651514CBF609004EF17F /* Foundation.framework in Frameworks */ = {isa = PBXBuildFile; fileRef = 4518C20014CBD0CE00EF0620 /* Foundation.framework */; };
		45CB651B14CBF609004EF17F /* InfoPlist.strings in Resources */ = {isa = PBXBuildFile; fileRef = 45CB651914CBF609004EF17F /* InfoPlist.strings */; };
		45CB652614CBF61A004EF17F /* libSQLite-iphoneos (Debug).a in Frameworks */ = {isa = PBXBuildFile; fileRef = 4518C1FD14CBD0CE00EF0620 /* libSQLite-iphoneos (Debug).a */; };
/* End PBXBuildFile section */

/* Begin PBXContainerItemProxy section */
		45CB652414CBF616004EF17F /* PBXContainerItemProxy */ = {
			isa = PBXContainerItemProxy;
			containerPortal = 4518C1F414CBD0CE00EF0620 /* Project object */;
			proxyType = 1;
			remoteGlobalIDString = 4518C1FC14CBD0CE00EF0620;
			remoteInfo = "EonilCocoaComplements-SQLite";
		};
/* End PBXContainerItemProxy section */

/* Begin PBXFileReference section */
		4518C1FD14CBD0CE00EF0620 /* libSQLite-iphoneos (Debug).a */ = {isa = PBXFileReference; explicitFileType = archive.ar; includeInIndex = 0; path = "libSQLite-iphoneos (Debug).a"; sourceTree = BUILT_PRODUCTS_DIR; };
		4518C20014CBD0CE00EF0620 /* Foundation.framework */ = {isa = PBXFileReference; lastKnownFileType = wrapper.framework; name = Foundation.framework; path = System/Library/Frameworks/Foundation.framework; sourceTree = SDKROOT; };
		4518C20414CBD0CE00EF0620 /* SQLite-Prefix.pch */ = {isa = PBXFileReference; lastKnownFileType = sourcecode.c.h; path = "SQLite-Prefix.pch"; sourceTree = "<group>"; };
		4518C20514CBD0CE00EF0620 /* EonilCocoaComplementsSQLite.h */ = {isa = PBXFileReference; lastKnownFileType = sourcecode.c.h; path = EonilCocoaComplementsSQLite.h; sourceTree = "<group>"; };
		4518C20D14CBD10100EF0620 /* libsqlite3.0.dylib */ = {isa = PBXFileReference; lastKnownFileType = "compiled.mach-o.dylib"; name = libsqlite3.0.dylib; path = usr/lib/libsqlite3.0.dylib; sourceTree = SDKROOT; };
		4518C20F14CBD11600EF0620 /* EESQLiteDatabase.h */ = {isa = PBXFileReference; fileEncoding = 4; lastKnownFileType = sourcecode.c.h; path = EESQLiteDatabase.h; sourceTree = "<group>"; };
		4518C21014CBD11600EF0620 /* EESQLiteDatabase.m */ = {isa = PBXFileReference; fileEncoding = 4; lastKnownFileType = sourcecode.c.objc; path = EESQLiteDatabase.m; sourceTree = "<group>"; };
		45452C9614CC857000886D70 /* EESQLiteRowIDList.h */ = {isa = PBXFileReference; fileEncoding = 4; lastKnownFileType = sourcecode.c.h; path = EESQLiteRowIDList.h; sourceTree = "<group>"; };
		45452C9714CC857000886D70 /* EESQLiteRowIDList.m */ = {isa = PBXFileReference; fileEncoding = 4; lastKnownFileType = sourcecode.c.objc; path = EESQLiteRowIDList.m; sourceTree = "<group>"; };
		455445FE14CC007C001207F3 /* TTTestUtility.h */ = {isa = PBXFileReference; fileEncoding = 4; lastKnownFileType = sourcecode.c.h; path = TTTestUtility.h; sourceTree = "<group>"; };
		455445FF14CC007C001207F3 /* TTTestUtility.m */ = {isa = PBXFileReference; fileEncoding = 4; lastKnownFileType = sourcecode.c.objc; path = TTTestUtility.m; sourceTree = "<group>"; };
		456D46B214CC2100005F6D62 /* EEDocumentStore.h */ = {isa = PBXFileReference; fileEncoding = 4; lastKnownFileType = sourcecode.c.h; path = EEDocumentStore.h; sourceTree = "<group>"; };
		456D46B314CC2100005F6D62 /* EEDocumentStore.m */ = {isa = PBXFileReference; fileEncoding = 4; lastKnownFileType = sourcecode.c.objc; path = EEDocumentStore.m; sourceTree = "<group>"; };
		457D349A14CD057E00B3F316 /* TTDocumentStoreHappyCase.h */ = {isa = PBXFileReference; fileEncoding = 4; lastKnownFileType = sourcecode.c.h; path = TTDocumentStoreHappyCase.h; sourceTree = "<group>"; };
		457D349B14CD057E00B3F316 /* TTDocumentStoreHappyCase.m */ = {isa = PBXFileReference; fileEncoding = 4; lastKnownFileType = sourcecode.c.objc; path = TTDocumentStoreHappyCase.m; sourceTree = "<group>"; };
		458F446814CBDE3200FF39ED /* EESQLiteStatement.h */ = {isa = PBXFileReference; fileEncoding = 4; lastKnownFileType = sourcecode.c.h; path = EESQLiteStatement.h; sourceTree = "<group>"; };
		458F446914CBDE3200FF39ED /* EESQLiteStatement.m */ = {isa = PBXFileReference; fileEncoding = 4; lastKnownFileType = sourcecode.c.objc; path = EESQLiteStatement.m; sourceTree = "<group>"; };
		458F446C14CBDE5800FF39ED /* EESQLiteStatement+Internal.h */ = {isa = PBXFileReference; lastKnownFileType = sourcecode.c.h; path = "EESQLiteStatement+Internal.h"; sourceTree = "<group>"; };
		458F446E14CBDF3700FF39ED /* EESQLite-Internal.h */ = {isa = PBXFileReference; fileEncoding = 4; lastKnownFileType = sourcecode.c.h; path = "EESQLite-Internal.h"; sourceTree = "<group>"; };
		458F446F14CBDF3700FF39ED /* EESQLite-Internal.m */ = {isa = PBXFileReference; fileEncoding = 4; lastKnownFileType = sourcecode.c.objc; path = "EESQLite-Internal.m"; sourceTree = "<group>"; };
		458F447214CBE04300FF39ED /* EESQLiteDatabase+Internal.h */ = {isa = PBXFileReference; lastKnownFileType = sourcecode.c.h; path = "EESQLiteDatabase+Internal.h"; sourceTree = "<group>"; };
		4595397F14CD8F5B00B6A0E2 /* README.md */ = {isa = PBXFileReference; lastKnownFileType = text; path = README.md; sourceTree = "<group>"; };
		45AB768814CBF70E000AF47A /* TTHappyCase.h */ = {isa = PBXFileReference; fileEncoding = 4; lastKnownFileType = sourcecode.c.h; path = TTHappyCase.h; sourceTree = "<group>"; };
		45AB768914CBF70E000AF47A /* TTHappyCase.m */ = {isa = PBXFileReference; fileEncoding = 4; lastKnownFileType = sourcecode.c.objc; path = TTHappyCase.m; sourceTree = "<group>"; };
		45AB768B14CBF72E000AF47A /* TTEvilCase.h */ = {isa = PBXFileReference; fileEncoding = 4; lastKnownFileType = sourcecode.c.h; path = TTEvilCase.h; sourceTree = "<group>"; };
		45AB768C14CBF72E000AF47A /* TTEvilCase.m */ = {isa = PBXFileReference; fileEncoding = 4; lastKnownFileType = sourcecode.c.objc; path = TTEvilCase.m; sourceTree = "<group>"; };
		45BE7AB214CD53810003E615 /* TTDocumentStoreLoadAndStressTest.h */ = {isa = PBXFileReference; fileEncoding = 4; lastKnownFileType = sourcecode.c.h; path = TTDocumentStoreLoadAndStressTest.h; sourceTree = "<group>"; };
		45BE7AB314CD53820003E615 /* TTDocumentStoreLoadAndStressTest.m */ = {isa = PBXFileReference; fileEncoding = 4; lastKnownFileType = sourcecode.c.objc; path = TTDocumentStoreLoadAndStressTest.m; sourceTree = "<group>"; };
		45CB651014CBF609004EF17F /* SQLite-Test.octest */ = {isa = PBXFileReference; explicitFileType = wrapper.cfbundle; includeInIndex = 0; path = "SQLite-Test.octest"; sourceTree = BUILT_PRODUCTS_DIR; };
		45CB651114CBF609004EF17F /* SenTestingKit.framework */ = {isa = PBXFileReference; lastKnownFileType = wrapper.framework; name = SenTestingKit.framework; path = Library/Frameworks/SenTestingKit.framework; sourceTree = DEVELOPER_DIR; };
		45CB651314CBF609004EF17F /* UIKit.framework */ = {isa = PBXFileReference; lastKnownFileType = wrapper.framework; name = UIKit.framework; path = Library/Frameworks/UIKit.framework; sourceTree = DEVELOPER_DIR; };
		45CB651814CBF609004EF17F /* SQLite-Test-Info.plist */ = {isa = PBXFileReference; lastKnownFileType = text.plist.xml; path = "SQLite-Test-Info.plist"; sourceTree = "<group>"; };
		45CB651A14CBF609004EF17F /* en */ = {isa = PBXFileReference; lastKnownFileType = text.plist.strings; name = en; path = en.lproj/InfoPlist.strings; sourceTree = "<group>"; };
		45CB651F14CBF609004EF17F /* SQLite-Test-Prefix.pch */ = {isa = PBXFileReference; lastKnownFileType = sourcecode.c.h; path = "SQLite-Test-Prefix.pch"; sourceTree = "<group>"; };
/* End PBXFileReference section */

/* Begin PBXFrameworksBuildPhase section */
		4518C1FA14CBD0CE00EF0620 /* Frameworks */ = {
			isa = PBXFrameworksBuildPhase;
			buildActionMask = 2147483647;
			files = (
				4518C20E14CBD10100EF0620 /* libsqlite3.0.dylib in Frameworks */,
				4518C20114CBD0CE00EF0620 /* Foundation.framework in Frameworks */,
			);
			runOnlyForDeploymentPostprocessing = 0;
		};
		45CB650C14CBF609004EF17F /* Frameworks */ = {
			isa = PBXFrameworksBuildPhase;
			buildActionMask = 2147483647;
			files = (
				4522528B14CBF82100F05FF0 /* libsqlite3.0.dylib in Frameworks */,
				45CB652614CBF61A004EF17F /* libSQLite-iphoneos (Debug).a in Frameworks */,
				45CB651214CBF609004EF17F /* SenTestingKit.framework in Frameworks */,
				45CB651414CBF609004EF17F /* UIKit.framework in Frameworks */,
				45CB651514CBF609004EF17F /* Foundation.framework in Frameworks */,
			);
			runOnlyForDeploymentPostprocessing = 0;
		};
/* End PBXFrameworksBuildPhase section */

/* Begin PBXGroup section */
		4518C1F214CBD0CE00EF0620 = {
			isa = PBXGroup;
			children = (
				4595397F14CD8F5B00B6A0E2 /* README.md */,
				4518C20D14CBD10100EF0620 /* libsqlite3.0.dylib */,
				4518C20214CBD0CE00EF0620 /* EonilCocoaComplements-SQLite */,
				45CB651614CBF609004EF17F /* EonilCocoaComplements-SQLite-Test */,
				4518C1FF14CBD0CE00EF0620 /* Frameworks */,
				4518C1FE14CBD0CE00EF0620 /* Products */,
			);
			sourceTree = "<group>";
		};
		4518C1FE14CBD0CE00EF0620 /* Products */ = {
			isa = PBXGroup;
			children = (
				4518C1FD14CBD0CE00EF0620 /* libSQLite-iphoneos (Debug).a */,
				45CB651014CBF609004EF17F /* SQLite-Test.octest */,
			);
			name = Products;
			sourceTree = "<group>";
		};
		4518C1FF14CBD0CE00EF0620 /* Frameworks */ = {
			isa = PBXGroup;
			children = (
				4518C20014CBD0CE00EF0620 /* Foundation.framework */,
				45CB651114CBF609004EF17F /* SenTestingKit.framework */,
				45CB651314CBF609004EF17F /* UIKit.framework */,
			);
			name = Frameworks;
			sourceTree = "<group>";
		};
		4518C20214CBD0CE00EF0620 /* EonilCocoaComplements-SQLite */ = {
			isa = PBXGroup;
			children = (
				4518C20514CBD0CE00EF0620 /* EonilCocoaComplementsSQLite.h */,
				4518C20314CBD0CE00EF0620 /* Supporting Files */,
				458F446E14CBDF3700FF39ED /* EESQLite-Internal.h */,
				458F446F14CBDF3700FF39ED /* EESQLite-Internal.m */,
				4518C20F14CBD11600EF0620 /* EESQLiteDatabase.h */,
				458F447214CBE04300FF39ED /* EESQLiteDatabase+Internal.h */,
				4518C21014CBD11600EF0620 /* EESQLiteDatabase.m */,
				458F446814CBDE3200FF39ED /* EESQLiteStatement.h */,
				458F446C14CBDE5800FF39ED /* EESQLiteStatement+Internal.h */,
				458F446914CBDE3200FF39ED /* EESQLiteStatement.m */,
				456D46B214CC2100005F6D62 /* EEDocumentStore.h */,
				456D46B314CC2100005F6D62 /* EEDocumentStore.m */,
				45452C9614CC857000886D70 /* EESQLiteRowIDList.h */,
				45452C9714CC857000886D70 /* EESQLiteRowIDList.m */,
			);
			path = "EonilCocoaComplements-SQLite";
			sourceTree = "<group>";
		};
		4518C20314CBD0CE00EF0620 /* Supporting Files */ = {
			isa = PBXGroup;
			children = (
				4518C20414CBD0CE00EF0620 /* SQLite-Prefix.pch */,
			);
			name = "Supporting Files";
			sourceTree = "<group>";
		};
		45CB651614CBF609004EF17F /* EonilCocoaComplements-SQLite-Test */ = {
			isa = PBXGroup;
			children = (
				45CB651714CBF609004EF17F /* Supporting Files */,
				455445FE14CC007C001207F3 /* TTTestUtility.h */,
				455445FF14CC007C001207F3 /* TTTestUtility.m */,
				45AB768814CBF70E000AF47A /* TTHappyCase.h */,
				45AB768914CBF70E000AF47A /* TTHappyCase.m */,
				45AB768B14CBF72E000AF47A /* TTEvilCase.h */,
				45AB768C14CBF72E000AF47A /* TTEvilCase.m */,
				457D349A14CD057E00B3F316 /* TTDocumentStoreHappyCase.h */,
				457D349B14CD057E00B3F316 /* TTDocumentStoreHappyCase.m */,
				45BE7AB214CD53810003E615 /* TTDocumentStoreLoadAndStressTest.h */,
				45BE7AB314CD53820003E615 /* TTDocumentStoreLoadAndStressTest.m */,
			);
			path = "EonilCocoaComplements-SQLite-Test";
			sourceTree = "<group>";
		};
		45CB651714CBF609004EF17F /* Supporting Files */ = {
			isa = PBXGroup;
			children = (
				45CB651814CBF609004EF17F /* SQLite-Test-Info.plist */,
				45CB651914CBF609004EF17F /* InfoPlist.strings */,
				45CB651F14CBF609004EF17F /* SQLite-Test-Prefix.pch */,
			);
			name = "Supporting Files";
			sourceTree = "<group>";
		};
/* End PBXGroup section */

/* Begin PBXHeadersBuildPhase section */
		4518C1FB14CBD0CE00EF0620 /* Headers */ = {
			isa = PBXHeadersBuildPhase;
			buildActionMask = 2147483647;
			files = (
				4518C21114CBD11600EF0620 /* EESQLiteDatabase.h in Headers */,
				458F446A14CBDE3200FF39ED /* EESQLiteStatement.h in Headers */,
				458F447014CBDF3700FF39ED /* EESQLite-Internal.h in Headers */,
				456D46B414CC2100005F6D62 /* EEDocumentStore.h in Headers */,
				45452C9814CC857000886D70 /* EESQLiteRowIDList.h in Headers */,
				4529166F15B9DB4000B7F55A /* EonilCocoaComplementsSQLite.h in Headers */,
			);
			runOnlyForDeploymentPostprocessing = 0;
		};
/* End PBXHeadersBuildPhase section */

/* Begin PBXNativeTarget section */
		4518C1FC14CBD0CE00EF0620 /* SQLite */ = {
			isa = PBXNativeTarget;
			buildConfigurationList = 4518C20A14CBD0CE00EF0620 /* Build configuration list for PBXNativeTarget "SQLite" */;
			buildPhases = (
				4518C1F914CBD0CE00EF0620 /* Sources */,
				4518C1FA14CBD0CE00EF0620 /* Frameworks */,
				4518C1FB14CBD0CE00EF0620 /* Headers */,
			);
			buildRules = (
			);
			dependencies = (
			);
			name = SQLite;
			productName = "EonilCocoaComplements-SQLite";
			productReference = 4518C1FD14CBD0CE00EF0620 /* libSQLite-iphoneos (Debug).a */;
			productType = "com.apple.product-type.library.static";
		};
		45CB650F14CBF609004EF17F /* SQLite-Test */ = {
			isa = PBXNativeTarget;
			buildConfigurationList = 45CB652214CBF609004EF17F /* Build configuration list for PBXNativeTarget "SQLite-Test" */;
			buildPhases = (
				45CB650B14CBF609004EF17F /* Sources */,
				45CB650C14CBF609004EF17F /* Frameworks */,
				45CB650D14CBF609004EF17F /* Resources */,
				45CB650E14CBF609004EF17F /* ShellScript */,
			);
			buildRules = (
			);
			dependencies = (
				45CB652514CBF616004EF17F /* PBXTargetDependency */,
			);
			name = "SQLite-Test";
			productName = "EonilCocoaComplements-SQLite-Test";
			productReference = 45CB651014CBF609004EF17F /* SQLite-Test.octest */;
			productType = "com.apple.product-type.bundle";
		};
/* End PBXNativeTarget section */

/* Begin PBXProject section */
		4518C1F414CBD0CE00EF0620 /* Project object */ = {
			isa = PBXProject;
			attributes = {
				LastUpgradeCheck = 0430;
				ORGANIZATIONNAME = "Eonil Company";
			};
			buildConfigurationList = 4518C1F714CBD0CE00EF0620 /* Build configuration list for PBXProject "SQLite" */;
			compatibilityVersion = "Xcode 3.2";
			developmentRegion = English;
			hasScannedForEncodings = 0;
			knownRegions = (
				en,
			);
			mainGroup = 4518C1F214CBD0CE00EF0620;
			productRefGroup = 4518C1FE14CBD0CE00EF0620 /* Products */;
			projectDirPath = "";
			projectRoot = "";
			targets = (
				4518C1FC14CBD0CE00EF0620 /* SQLite */,
				45CB650F14CBF609004EF17F /* SQLite-Test */,
			);
		};
/* End PBXProject section */

/* Begin PBXResourcesBuildPhase section */
		45CB650D14CBF609004EF17F /* Resources */ = {
			isa = PBXResourcesBuildPhase;
			buildActionMask = 2147483647;
			files = (
				45CB651B14CBF609004EF17F /* InfoPlist.strings in Resources */,
			);
			runOnlyForDeploymentPostprocessing = 0;
		};
/* End PBXResourcesBuildPhase section */

/* Begin PBXShellScriptBuildPhase section */
		45CB650E14CBF609004EF17F /* ShellScript */ = {
			isa = PBXShellScriptBuildPhase;
			buildActionMask = 2147483647;
			files = (
			);
			inputPaths = (
			);
			outputPaths = (
			);
			runOnlyForDeploymentPostprocessing = 0;
			shellPath = /bin/sh;
			shellScript = "# Run the unit tests in this test bundle.\n\"${SYSTEM_DEVELOPER_DIR}/Tools/RunUnitTests\"\n";
		};
/* End PBXShellScriptBuildPhase section */

/* Begin PBXSourcesBuildPhase section */
		4518C1F914CBD0CE00EF0620 /* Sources */ = {
			isa = PBXSourcesBuildPhase;
			buildActionMask = 2147483647;
			files = (
				4518C21214CBD11600EF0620 /* EESQLiteDatabase.m in Sources */,
				458F446B14CBDE3200FF39ED /* EESQLiteStatement.m in Sources */,
				458F447114CBDF3700FF39ED /* EESQLite-Internal.m in Sources */,
				456D46B514CC2100005F6D62 /* EEDocumentStore.m in Sources */,
				45452C9914CC857000886D70 /* EESQLiteRowIDList.m in Sources */,
			);
			runOnlyForDeploymentPostprocessing = 0;
		};
		45CB650B14CBF609004EF17F /* Sources */ = {
			isa = PBXSourcesBuildPhase;
			buildActionMask = 2147483647;
			files = (
				45AB768A14CBF70E000AF47A /* TTHappyCase.m in Sources */,
				45AB768D14CBF72E000AF47A /* TTEvilCase.m in Sources */,
				4554460014CC007C001207F3 /* TTTestUtility.m in Sources */,
				457D349C14CD057E00B3F316 /* TTDocumentStoreHappyCase.m in Sources */,
				45BE7AB414CD53820003E615 /* TTDocumentStoreLoadAndStressTest.m in Sources */,
			);
			runOnlyForDeploymentPostprocessing = 0;
		};
/* End PBXSourcesBuildPhase section */

/* Begin PBXTargetDependency section */
		45CB652514CBF616004EF17F /* PBXTargetDependency */ = {
			isa = PBXTargetDependency;
			target = 4518C1FC14CBD0CE00EF0620 /* SQLite */;
			targetProxy = 45CB652414CBF616004EF17F /* PBXContainerItemProxy */;
		};
/* End PBXTargetDependency section */

/* Begin PBXVariantGroup section */
		45CB651914CBF609004EF17F /* InfoPlist.strings */ = {
			isa = PBXVariantGroup;
			children = (
				45CB651A14CBF609004EF17F /* en */,
			);
			name = InfoPlist.strings;
			sourceTree = "<group>";
		};
/* End PBXVariantGroup section */

/* Begin XCBuildConfiguration section */
		4518C20814CBD0CE00EF0620 /* Debug */ = {
			isa = XCBuildConfiguration;
			buildSettings = {
				ALWAYS_SEARCH_USER_PATHS = NO;
				ARCHS = "$(ARCHS_STANDARD_32_BIT)";
				CLANG_ENABLE_OBJC_ARC = YES;
				COPY_PHASE_STRIP = NO;
				GCC_C_LANGUAGE_STANDARD = c99;
				GCC_DYNAMIC_NO_PIC = NO;
				GCC_OPTIMIZATION_LEVEL = 0;
				GCC_PREPROCESSOR_DEFINITIONS = (
					"DEBUG=1",
					"$(inherited)",
				);
				GCC_SYMBOLS_PRIVATE_EXTERN = NO;
				GCC_VERSION = com.apple.compilers.llvm.clang.1_0;
				GCC_WARN_ABOUT_RETURN_TYPE = YES;
				GCC_WARN_UNINITIALIZED_AUTOS = YES;
				GCC_WARN_UNUSED_VARIABLE = YES;
				IPHONEOS_DEPLOYMENT_TARGET = 4.3;
				SDKROOT = iphoneos;
			};
			name = Debug;
		};
		4518C20914CBD0CE00EF0620 /* Release */ = {
			isa = XCBuildConfiguration;
			buildSettings = {
				ALWAYS_SEARCH_USER_PATHS = NO;
				ARCHS = "$(ARCHS_STANDARD_32_BIT)";
				CLANG_ENABLE_OBJC_ARC = YES;
				COPY_PHASE_STRIP = YES;
				GCC_C_LANGUAGE_STANDARD = c99;
				GCC_OPTIMIZATION_LEVEL = 0;
				GCC_VERSION = com.apple.compilers.llvm.clang.1_0;
				GCC_WARN_ABOUT_RETURN_TYPE = YES;
				GCC_WARN_UNINITIALIZED_AUTOS = YES;
				GCC_WARN_UNUSED_VARIABLE = YES;
				IPHONEOS_DEPLOYMENT_TARGET = 4.3;
				SDKROOT = iphoneos;
				VALIDATE_PRODUCT = YES;
			};
			name = Release;
		};
		4518C20B14CBD0CE00EF0620 /* Debug */ = {
			isa = XCBuildConfiguration;
			buildSettings = {
				CLANG_CXX_LANGUAGE_STANDARD = "c++0x";
				CLANG_CXX_LIBRARY = "libc++";
				GCC_C_LANGUAGE_STANDARD = c99;
				GCC_PRECOMPILE_PREFIX_HEADER = YES;
				GCC_PREFIX_HEADER = "EonilCocoaComplements-SQLite/SQLite-Prefix.pch";
				OTHER_LDFLAGS = "-ObjC";
				PRODUCT_NAME = "$(PROJECT_NAME)$(EFFECTIVE_PLATFORM_NAME) ($(CONFIGURATION))";
			};
			name = Debug;
		};
		4518C20C14CBD0CE00EF0620 /* Release */ = {
			isa = XCBuildConfiguration;
			buildSettings = {
				CLANG_CXX_LANGUAGE_STANDARD = "c++0x";
				CLANG_CXX_LIBRARY = "libc++";
				GCC_C_LANGUAGE_STANDARD = c99;
				GCC_OPTIMIZATION_LEVEL = s;
				GCC_PRECOMPILE_PREFIX_HEADER = YES;
				GCC_PREFIX_HEADER = "EonilCocoaComplements-SQLite/SQLite-Prefix.pch";
				OTHER_LDFLAGS = "-ObjC";
				PRODUCT_NAME = "$(PROJECT_NAME)$(EFFECTIVE_PLATFORM_NAME) ($(CONFIGURATION))";
			};
			name = Release;
		};
		45CB652014CBF609004EF17F /* Debug */ = {
			isa = XCBuildConfiguration;
			buildSettings = {
				FRAMEWORK_SEARCH_PATHS = (
					"$(SDKROOT)/Developer/Library/Frameworks",
					"$(DEVELOPER_LIBRARY_DIR)/Frameworks",
				);
				GCC_PRECOMPILE_PREFIX_HEADER = YES;
				GCC_PREFIX_HEADER = "EonilCocoaComplements-SQLite-Test/SQLite-Test-Prefix.pch";
				INFOPLIST_FILE = "EonilCocoaComplements-SQLite-Test/SQLite-Test-Info.plist";
				PRODUCT_NAME = "SQLite-Test";
				WRAPPER_EXTENSION = octest;
			};
			name = Debug;
		};
		45CB652114CBF609004EF17F /* Release */ = {
			isa = XCBuildConfiguration;
			buildSettings = {
				FRAMEWORK_SEARCH_PATHS = (
					"$(SDKROOT)/Developer/Library/Frameworks",
					"$(DEVELOPER_LIBRARY_DIR)/Frameworks",
				);
				GCC_PRECOMPILE_PREFIX_HEADER = YES;
				GCC_PREFIX_HEADER = "EonilCocoaComplements-SQLite-Test/SQLite-Test-Prefix.pch";
				INFOPLIST_FILE = "EonilCocoaComplements-SQLite-Test/SQLite-Test-Info.plist";
				PRODUCT_NAME = "SQLite-Test";
				WRAPPER_EXTENSION = octest;
			};
			name = Release;
		};
/* End XCBuildConfiguration section */

/* Begin XCConfigurationList section */
		4518C1F714CBD0CE00EF0620 /* Build configuration list for PBXProject "SQLite" */ = {
			isa = XCConfigurationList;
			buildConfigurations = (
				4518C20814CBD0CE00EF0620 /* Debug */,
				4518C20914CBD0CE00EF0620 /* Release */,
			);
			defaultConfigurationIsVisible = 0;
			defaultConfigurationName = Release;
		};
		4518C20A14CBD0CE00EF0620 /* Build configuration list for PBXNativeTarget "SQLite" */ = {
			isa = XCConfigurationList;
			buildConfigurations = (
				4518C20B14CBD0CE00EF0620 /* Debug */,
				4518C20C14CBD0CE00EF0620 /* Release */,
			);
			defaultConfigurationIsVisible = 0;
			defaultConfigurationName = Release;
		};
		45CB652214CBF609004EF17F /* Build configuration list for PBXNativeTarget "SQLite-Test" */ = {
			isa = XCConfigurationList;
			buildConfigurations = (
				45CB652014CBF609004EF17F /* Debug */,
				45CB652114CBF609004EF17F /* Release */,
			);
			defaultConfigurationIsVisible = 0;
			defaultConfigurationName = Release;
		};
/* End XCConfigurationList section */
	};
	rootObject = 4518C1F414CBD0CE00EF0620 /* Project object */;
}
